<?xml version="1.0" encoding="utf-8"?>
<Project ToolsVersion="4.0" xmlns="http://schemas.microsoft.com/developer/msbuild/2003">
  <ItemGroup>
    <CudaCompile Include="src\gpu_random.cu">
      <Filter>Source</Filter>
    </CudaCompile>
    <CudaCompile Include="src\snn_gpu.cu">
      <Filter>Source</Filter>
    </CudaCompile>
  </ItemGroup>
  <ItemGroup>
    <ClCompile Include="src\mtrand.cpp">
      <Filter>Source</Filter>
    </ClCompile>
    <ClCompile Include="src\printSNNInfo.cpp">
      <Filter>Source</Filter>
    </ClCompile>
    <ClCompile Include="src\PropagatedSpikeBuffer.cpp">
      <Filter>Source</Filter>
    </ClCompile>
    <ClCompile Include="src\snn_cpu.cpp">
      <Filter>Source</Filter>
    </ClCompile>
    <ClCompile Include="src\PoissonRate.cpp">
      <Filter>Source</Filter>
    </ClCompile>
    <ClCompile Include="src\SparseWeightDelayMatrix.cpp">
      <Filter>Source</Filter>
    </ClCompile>
    <ClCompile Include="server\server_windows.cpp" />
  </ItemGroup>
  <ItemGroup>
    <ClInclude Include="src\config.h">
      <Filter>Include</Filter>
    </ClInclude>
    <ClInclude Include="src\CUDAVersionControl.h">
      <Filter>Include</Filter>
    </ClInclude>
    <ClInclude Include="src\errorCode.h">
      <Filter>Include</Filter>
    </ClInclude>
    <ClInclude Include="src\gpu.h">
      <Filter>Include</Filter>
    </ClInclude>
    <ClInclude Include="src\gpu_random.h">
      <Filter>Include</Filter>
    </ClInclude>
    <ClInclude Include="src\mtrand.h">
      <Filter>Include</Filter>
    </ClInclude>
    <ClInclude Include="src\PoissonRate.h">
      <Filter>Include</Filter>
    </ClInclude>
    <ClInclude Include="src\PropagatedSpikeBuffer.h">
      <Filter>Include</Filter>
    </ClInclude>
    <ClInclude Include="server\server_client.h">
      <Filter>Include</Filter>
    </ClInclude>
    <ClInclude Include="src\SparseWeightDelayMatrix.h">
      <Filter>Include</Filter>
    </ClInclude>
    <ClInclude Include="src\snn.h">
      <Filter>Include</Filter>
    </ClInclude>
  </ItemGroup>
  <ItemGroup>
    <Filter Include="Source">
      <UniqueIdentifier>{c3e60297-849c-46a0-86d8-6672052e273e}</UniqueIdentifier>
    </Filter>
    <Filter Include="Include">
      <UniqueIdentifier>{d2871a87-c59d-4274-878f-f70f7b5798e7}</UniqueIdentifier>
    </Filter>
  </ItemGroup>
</Project>