
Microsoft Visual Studio Solution File, Format Version 12.00
# Visual Studio 2012
Project("{8BC9CEB8-8B4A-11D0-8D11-00A0C91BC942}") = "random", "examples\random\random.vcxproj", "{49974217-7B15-464E-A97A-E97D2D1550E7}"
	ProjectSection(ProjectDependencies) = postProject
		{FBD68119-1A8C-4A1A-96CE-522B651209BC} = {FBD68119-1A8C-4A1A-96CE-522B651209BC}
		{713714BD-0AFF-4832-BF1B-29CB68F1CE39} = {713714BD-0AFF-4832-BF1B-29CB68F1CE39}
	EndProjectSection
EndProject
Project("{8BC9CEB8-8B4A-11D0-8D11-00A0C91BC942}") = "dastdp", "examples\dastdp\dastdp.vcxproj", "{A1C5FD96-3545-491D-81FA-64DF07F6FB82}"
EndProject
Project("{8BC9CEB8-8B4A-11D0-8D11-00A0C91BC942}") = "colorblind", "examples\colorblind\colorblind.vcxproj", "{080DF09F-BB1F-496C-BD7E-885B81C4B61A}"
EndProject
Project("{8BC9CEB8-8B4A-11D0-8D11-00A0C91BC942}") = "colorcycle", "examples\colorcycle\colorcycle.vcxproj", "{8097EB39-E680-4BF2-B3C6-F7B86C18C171}"
EndProject
Project("{8BC9CEB8-8B4A-11D0-8D11-00A0C91BC942}") = "v1MTLIP", "examples\v1MTLIP\v1MTLIP.vcxproj", "{7379DC37-FC7F-43A2-B85F-E6383FB86427}"
EndProject
Project("{8BC9CEB8-8B4A-11D0-8D11-00A0C91BC942}") = "orientation", "examples\orientation\orientation.vcxproj", "{31BA5C2F-2085-4A5A-890D-A86374C8CFFF}"
EndProject
Project("{8BC9CEB8-8B4A-11D0-8D11-00A0C91BC942}") = "carlsim", "carlsim\kernel\carlsim.vcxproj", "{713714BD-0AFF-4832-BF1B-29CB68F1CE39}"
EndProject
Project("{8BC9CEB8-8B4A-11D0-8D11-00A0C91BC942}") = "interface", "carlsim\interface\interface.vcxproj", "{FBD68119-1A8C-4A1A-96CE-522B651209BC}"
EndProject
Project("{8BC9CEB8-8B4A-11D0-8D11-00A0C91BC942}") = "spike_monitor", "carlsim\spike_monitor\spike_monitor.vcxproj", "{5AA9A99D-3439-4C97-9949-C4C0AE5B855A}"
EndProject
Project("{8BC9CEB8-8B4A-11D0-8D11-00A0C91BC942}") = "carlsim_tests", "carlsim\test\carlsim_tests.vcxproj", "{D55C5CBD-B843-4DF9-BB1E-683E2D78E9E1}"
EndProject
Project("{8BC9CEB8-8B4A-11D0-8D11-00A0C91BC942}") = "spike_generators", "tools\spike_generators\spike_generators.vcxproj", "{5C02490D-8C39-4C36-A3C9-CD683BDF43E0}"
EndProject
Project("{8BC9CEB8-8B4A-11D0-8D11-00A0C91BC942}") = "multiGPU", "examples\multiGPU\multiGPU.vcxproj", "{5479D375-64C7-4F80-B9DA-83C37C973F66}"
EndProject
Project("{8BC9CEB8-8B4A-11D0-8D11-00A0C91BC942}") = "mtrand", "examples\common\mtrand.vcxproj", "{BBCDDB86-192E-49FA-A4E1-C2DC21091322}"
EndProject
Project("{8BC9CEB8-8B4A-11D0-8D11-00A0C91BC942}") = "v1ColorME_2_0", "examples\common\v1ColorME_2_0.vcxproj", "{DADFFAE1-9110-4433-9C03-05B7E4C4CDDD}"
EndProject
Project("{8BC9CEB8-8B4A-11D0-8D11-00A0C91BC942}") = "spikeInfo", "examples\spikeInfo\spikeInfo.vcxproj", "{A5419D72-F2CD-4C0E-9DD0-A0117440DDBB}"
EndProject
Global
	GlobalSection(SolutionConfigurationPlatforms) = preSolution
		Debug|Mixed Platforms = Debug|Mixed Platforms
		Debug|Win32 = Debug|Win32
		Debug|x64 = Debug|x64
		Release|Mixed Platforms = Release|Mixed Platforms
		Release|Win32 = Release|Win32
		Release|x64 = Release|x64
	EndGlobalSection
	GlobalSection(ProjectConfigurationPlatforms) = postSolution
		{49974217-7B15-464E-A97A-E97D2D1550E7}.Debug|Mixed Platforms.ActiveCfg = Debug|x64
		{49974217-7B15-464E-A97A-E97D2D1550E7}.Debug|Mixed Platforms.Build.0 = Debug|x64
		{49974217-7B15-464E-A97A-E97D2D1550E7}.Debug|Win32.ActiveCfg = Debug|Win32
		{49974217-7B15-464E-A97A-E97D2D1550E7}.Debug|Win32.Build.0 = Debug|Win32
		{49974217-7B15-464E-A97A-E97D2D1550E7}.Debug|x64.ActiveCfg = Debug|x64
		{49974217-7B15-464E-A97A-E97D2D1550E7}.Debug|x64.Build.0 = Debug|x64
		{49974217-7B15-464E-A97A-E97D2D1550E7}.Release|Mixed Platforms.ActiveCfg = Release|x64
		{49974217-7B15-464E-A97A-E97D2D1550E7}.Release|Mixed Platforms.Build.0 = Release|x64
		{49974217-7B15-464E-A97A-E97D2D1550E7}.Release|Win32.ActiveCfg = Release|Win32
		{49974217-7B15-464E-A97A-E97D2D1550E7}.Release|Win32.Build.0 = Release|Win32
		{49974217-7B15-464E-A97A-E97D2D1550E7}.Release|x64.ActiveCfg = Release|x64
		{49974217-7B15-464E-A97A-E97D2D1550E7}.Release|x64.Build.0 = Release|x64
		{A1C5FD96-3545-491D-81FA-64DF07F6FB82}.Debug|Mixed Platforms.ActiveCfg = Debug|x64
		{A1C5FD96-3545-491D-81FA-64DF07F6FB82}.Debug|Mixed Platforms.Build.0 = Debug|x64
		{A1C5FD96-3545-491D-81FA-64DF07F6FB82}.Debug|Win32.ActiveCfg = Debug|Win32
		{A1C5FD96-3545-491D-81FA-64DF07F6FB82}.Debug|Win32.Build.0 = Debug|Win32
		{A1C5FD96-3545-491D-81FA-64DF07F6FB82}.Debug|x64.ActiveCfg = Debug|x64
		{A1C5FD96-3545-491D-81FA-64DF07F6FB82}.Debug|x64.Build.0 = Debug|x64
		{A1C5FD96-3545-491D-81FA-64DF07F6FB82}.Release|Mixed Platforms.ActiveCfg = Release|x64
		{A1C5FD96-3545-491D-81FA-64DF07F6FB82}.Release|Mixed Platforms.Build.0 = Release|x64
		{A1C5FD96-3545-491D-81FA-64DF07F6FB82}.Release|Win32.ActiveCfg = Release|Win32
		{A1C5FD96-3545-491D-81FA-64DF07F6FB82}.Release|Win32.Build.0 = Release|Win32
		{A1C5FD96-3545-491D-81FA-64DF07F6FB82}.Release|x64.ActiveCfg = Release|x64
		{A1C5FD96-3545-491D-81FA-64DF07F6FB82}.Release|x64.Build.0 = Release|x64
		{080DF09F-BB1F-496C-BD7E-885B81C4B61A}.Debug|Mixed Platforms.ActiveCfg = Debug|x64
		{080DF09F-BB1F-496C-BD7E-885B81C4B61A}.Debug|Mixed Platforms.Build.0 = Debug|x64
		{080DF09F-BB1F-496C-BD7E-885B81C4B61A}.Debug|Win32.ActiveCfg = Debug|Win32
		{080DF09F-BB1F-496C-BD7E-885B81C4B61A}.Debug|Win32.Build.0 = Debug|Win32
		{080DF09F-BB1F-496C-BD7E-885B81C4B61A}.Debug|x64.ActiveCfg = Debug|x64
		{080DF09F-BB1F-496C-BD7E-885B81C4B61A}.Debug|x64.Build.0 = Debug|x64
		{080DF09F-BB1F-496C-BD7E-885B81C4B61A}.Release|Mixed Platforms.ActiveCfg = Release|x64
		{080DF09F-BB1F-496C-BD7E-885B81C4B61A}.Release|Mixed Platforms.Build.0 = Release|x64
		{080DF09F-BB1F-496C-BD7E-885B81C4B61A}.Release|Win32.ActiveCfg = Release|Win32
		{080DF09F-BB1F-496C-BD7E-885B81C4B61A}.Release|Win32.Build.0 = Release|Win32
		{080DF09F-BB1F-496C-BD7E-885B81C4B61A}.Release|x64.ActiveCfg = Release|x64
		{080DF09F-BB1F-496C-BD7E-885B81C4B61A}.Release|x64.Build.0 = Release|x64
		{8097EB39-E680-4BF2-B3C6-F7B86C18C171}.Debug|Mixed Platforms.ActiveCfg = Debug|x64
		{8097EB39-E680-4BF2-B3C6-F7B86C18C171}.Debug|Mixed Platforms.Build.0 = Debug|x64
		{8097EB39-E680-4BF2-B3C6-F7B86C18C171}.Debug|Win32.ActiveCfg = Debug|Win32
		{8097EB39-E680-4BF2-B3C6-F7B86C18C171}.Debug|Win32.Build.0 = Debug|Win32
		{8097EB39-E680-4BF2-B3C6-F7B86C18C171}.Debug|x64.ActiveCfg = Debug|x64
		{8097EB39-E680-4BF2-B3C6-F7B86C18C171}.Debug|x64.Build.0 = Debug|x64
		{8097EB39-E680-4BF2-B3C6-F7B86C18C171}.Release|Mixed Platforms.ActiveCfg = Release|x64
		{8097EB39-E680-4BF2-B3C6-F7B86C18C171}.Release|Mixed Platforms.Build.0 = Release|x64
		{8097EB39-E680-4BF2-B3C6-F7B86C18C171}.Release|Win32.ActiveCfg = Release|Win32
		{8097EB39-E680-4BF2-B3C6-F7B86C18C171}.Release|Win32.Build.0 = Release|Win32
		{8097EB39-E680-4BF2-B3C6-F7B86C18C171}.Release|x64.ActiveCfg = Release|x64
		{8097EB39-E680-4BF2-B3C6-F7B86C18C171}.Release|x64.Build.0 = Release|x64
		{7379DC37-FC7F-43A2-B85F-E6383FB86427}.Debug|Mixed Platforms.ActiveCfg = Debug|x64
		{7379DC37-FC7F-43A2-B85F-E6383FB86427}.Debug|Mixed Platforms.Build.0 = Debug|x64
		{7379DC37-FC7F-43A2-B85F-E6383FB86427}.Debug|Win32.ActiveCfg = Debug|Win32
		{7379DC37-FC7F-43A2-B85F-E6383FB86427}.Debug|Win32.Build.0 = Debug|Win32
		{7379DC37-FC7F-43A2-B85F-E6383FB86427}.Debug|x64.ActiveCfg = Debug|x64
		{7379DC37-FC7F-43A2-B85F-E6383FB86427}.Debug|x64.Build.0 = Debug|x64
		{7379DC37-FC7F-43A2-B85F-E6383FB86427}.Release|Mixed Platforms.ActiveCfg = Release|x64
		{7379DC37-FC7F-43A2-B85F-E6383FB86427}.Release|Mixed Platforms.Build.0 = Release|x64
		{7379DC37-FC7F-43A2-B85F-E6383FB86427}.Release|Win32.ActiveCfg = Release|Win32
		{7379DC37-FC7F-43A2-B85F-E6383FB86427}.Release|Win32.Build.0 = Release|Win32
		{7379DC37-FC7F-43A2-B85F-E6383FB86427}.Release|x64.ActiveCfg = Release|x64
		{7379DC37-FC7F-43A2-B85F-E6383FB86427}.Release|x64.Build.0 = Release|x64
		{31BA5C2F-2085-4A5A-890D-A86374C8CFFF}.Debug|Mixed Platforms.ActiveCfg = Debug|x64
		{31BA5C2F-2085-4A5A-890D-A86374C8CFFF}.Debug|Mixed Platforms.Build.0 = Debug|x64
		{31BA5C2F-2085-4A5A-890D-A86374C8CFFF}.Debug|Win32.ActiveCfg = Debug|Win32
		{31BA5C2F-2085-4A5A-890D-A86374C8CFFF}.Debug|Win32.Build.0 = Debug|Win32
		{31BA5C2F-2085-4A5A-890D-A86374C8CFFF}.Debug|x64.ActiveCfg = Debug|x64
		{31BA5C2F-2085-4A5A-890D-A86374C8CFFF}.Debug|x64.Build.0 = Debug|x64
		{31BA5C2F-2085-4A5A-890D-A86374C8CFFF}.Release|Mixed Platforms.ActiveCfg = Release|x64
		{31BA5C2F-2085-4A5A-890D-A86374C8CFFF}.Release|Mixed Platforms.Build.0 = Release|x64
		{31BA5C2F-2085-4A5A-890D-A86374C8CFFF}.Release|Win32.ActiveCfg = Release|Win32
		{31BA5C2F-2085-4A5A-890D-A86374C8CFFF}.Release|Win32.Build.0 = Release|Win32
		{31BA5C2F-2085-4A5A-890D-A86374C8CFFF}.Release|x64.ActiveCfg = Release|x64
		{31BA5C2F-2085-4A5A-890D-A86374C8CFFF}.Release|x64.Build.0 = Release|x64
		{713714BD-0AFF-4832-BF1B-29CB68F1CE39}.Debug|Mixed Platforms.ActiveCfg = Debug|x64
		{713714BD-0AFF-4832-BF1B-29CB68F1CE39}.Debug|Mixed Platforms.Build.0 = Debug|x64
		{713714BD-0AFF-4832-BF1B-29CB68F1CE39}.Debug|Win32.ActiveCfg = Debug|Win32
		{713714BD-0AFF-4832-BF1B-29CB68F1CE39}.Debug|Win32.Build.0 = Debug|Win32
		{713714BD-0AFF-4832-BF1B-29CB68F1CE39}.Debug|x64.ActiveCfg = Debug|x64
		{713714BD-0AFF-4832-BF1B-29CB68F1CE39}.Debug|x64.Build.0 = Debug|x64
		{713714BD-0AFF-4832-BF1B-29CB68F1CE39}.Release|Mixed Platforms.ActiveCfg = Release|x64
		{713714BD-0AFF-4832-BF1B-29CB68F1CE39}.Release|Mixed Platforms.Build.0 = Release|x64
		{713714BD-0AFF-4832-BF1B-29CB68F1CE39}.Release|Win32.ActiveCfg = Release|Win32
		{713714BD-0AFF-4832-BF1B-29CB68F1CE39}.Release|Win32.Build.0 = Release|Win32
		{713714BD-0AFF-4832-BF1B-29CB68F1CE39}.Release|x64.ActiveCfg = Release|x64
		{713714BD-0AFF-4832-BF1B-29CB68F1CE39}.Release|x64.Build.0 = Release|x64
		{FBD68119-1A8C-4A1A-96CE-522B651209BC}.Debug|Mixed Platforms.ActiveCfg = Debug|x64
		{FBD68119-1A8C-4A1A-96CE-522B651209BC}.Debug|Mixed Platforms.Build.0 = Debug|x64
		{FBD68119-1A8C-4A1A-96CE-522B651209BC}.Debug|Win32.ActiveCfg = Debug|Win32
		{FBD68119-1A8C-4A1A-96CE-522B651209BC}.Debug|Win32.Build.0 = Debug|Win32
		{FBD68119-1A8C-4A1A-96CE-522B651209BC}.Debug|x64.ActiveCfg = Debug|x64
		{FBD68119-1A8C-4A1A-96CE-522B651209BC}.Debug|x64.Build.0 = Debug|x64
		{FBD68119-1A8C-4A1A-96CE-522B651209BC}.Release|Mixed Platforms.ActiveCfg = Release|x64
		{FBD68119-1A8C-4A1A-96CE-522B651209BC}.Release|Mixed Platforms.Build.0 = Release|x64
		{FBD68119-1A8C-4A1A-96CE-522B651209BC}.Release|Win32.ActiveCfg = Release|Win32
		{FBD68119-1A8C-4A1A-96CE-522B651209BC}.Release|Win32.Build.0 = Release|Win32
		{FBD68119-1A8C-4A1A-96CE-522B651209BC}.Release|x64.ActiveCfg = Release|x64
		{FBD68119-1A8C-4A1A-96CE-522B651209BC}.Release|x64.Build.0 = Release|x64
		{5AA9A99D-3439-4C97-9949-C4C0AE5B855A}.Debug|Mixed Platforms.ActiveCfg = Debug|x64
		{5AA9A99D-3439-4C97-9949-C4C0AE5B855A}.Debug|Mixed Platforms.Build.0 = Debug|x64
		{5AA9A99D-3439-4C97-9949-C4C0AE5B855A}.Debug|Win32.ActiveCfg = Debug|Win32
		{5AA9A99D-3439-4C97-9949-C4C0AE5B855A}.Debug|Win32.Build.0 = Debug|Win32
		{5AA9A99D-3439-4C97-9949-C4C0AE5B855A}.Debug|x64.ActiveCfg = Debug|x64
		{5AA9A99D-3439-4C97-9949-C4C0AE5B855A}.Debug|x64.Build.0 = Debug|x64
		{5AA9A99D-3439-4C97-9949-C4C0AE5B855A}.Release|Mixed Platforms.ActiveCfg = Release|x64
		{5AA9A99D-3439-4C97-9949-C4C0AE5B855A}.Release|Mixed Platforms.Build.0 = Release|x64
		{5AA9A99D-3439-4C97-9949-C4C0AE5B855A}.Release|Win32.ActiveCfg = Release|Win32
		{5AA9A99D-3439-4C97-9949-C4C0AE5B855A}.Release|Win32.Build.0 = Release|Win32
		{5AA9A99D-3439-4C97-9949-C4C0AE5B855A}.Release|x64.ActiveCfg = Release|x64
		{5AA9A99D-3439-4C97-9949-C4C0AE5B855A}.Release|x64.Build.0 = Release|x64
		{D55C5CBD-B843-4DF9-BB1E-683E2D78E9E1}.Debug|Mixed Platforms.ActiveCfg = Debug|x64
		{D55C5CBD-B843-4DF9-BB1E-683E2D78E9E1}.Debug|Mixed Platforms.Build.0 = Debug|x64
		{D55C5CBD-B843-4DF9-BB1E-683E2D78E9E1}.Debug|Win32.ActiveCfg = Debug|Win32
		{D55C5CBD-B843-4DF9-BB1E-683E2D78E9E1}.Debug|Win32.Build.0 = Debug|Win32
		{D55C5CBD-B843-4DF9-BB1E-683E2D78E9E1}.Debug|x64.ActiveCfg = Debug|x64
		{D55C5CBD-B843-4DF9-BB1E-683E2D78E9E1}.Debug|x64.Build.0 = Debug|x64
		{D55C5CBD-B843-4DF9-BB1E-683E2D78E9E1}.Release|Mixed Platforms.ActiveCfg = Release|x64
		{D55C5CBD-B843-4DF9-BB1E-683E2D78E9E1}.Release|Mixed Platforms.Build.0 = Release|x64
		{D55C5CBD-B843-4DF9-BB1E-683E2D78E9E1}.Release|Win32.ActiveCfg = Release|Win32
		{D55C5CBD-B843-4DF9-BB1E-683E2D78E9E1}.Release|Win32.Build.0 = Release|Win32
		{D55C5CBD-B843-4DF9-BB1E-683E2D78E9E1}.Release|x64.ActiveCfg = Release|x64
		{D55C5CBD-B843-4DF9-BB1E-683E2D78E9E1}.Release|x64.Build.0 = Release|x64
		{5C02490D-8C39-4C36-A3C9-CD683BDF43E0}.Debug|Mixed Platforms.ActiveCfg = Debug|x64
		{5C02490D-8C39-4C36-A3C9-CD683BDF43E0}.Debug|Mixed Platforms.Build.0 = Debug|x64
		{5C02490D-8C39-4C36-A3C9-CD683BDF43E0}.Debug|Win32.ActiveCfg = Debug|Win32
		{5C02490D-8C39-4C36-A3C9-CD683BDF43E0}.Debug|Win32.Build.0 = Debug|Win32
		{5C02490D-8C39-4C36-A3C9-CD683BDF43E0}.Debug|x64.ActiveCfg = Debug|x64
		{5C02490D-8C39-4C36-A3C9-CD683BDF43E0}.Debug|x64.Build.0 = Debug|x64
		{5C02490D-8C39-4C36-A3C9-CD683BDF43E0}.Release|Mixed Platforms.ActiveCfg = Release|x64
		{5C02490D-8C39-4C36-A3C9-CD683BDF43E0}.Release|Mixed Platforms.Build.0 = Release|x64
		{5C02490D-8C39-4C36-A3C9-CD683BDF43E0}.Release|Win32.ActiveCfg = Release|Win32
		{5C02490D-8C39-4C36-A3C9-CD683BDF43E0}.Release|Win32.Build.0 = Release|Win32
		{5C02490D-8C39-4C36-A3C9-CD683BDF43E0}.Release|x64.ActiveCfg = Release|x64
		{5C02490D-8C39-4C36-A3C9-CD683BDF43E0}.Release|x64.Build.0 = Release|x64
		{5479D375-64C7-4F80-B9DA-83C37C973F66}.Debug|Mixed Platforms.ActiveCfg = Debug|x64
		{5479D375-64C7-4F80-B9DA-83C37C973F66}.Debug|Mixed Platforms.Build.0 = Debug|x64
		{5479D375-64C7-4F80-B9DA-83C37C973F66}.Debug|Win32.ActiveCfg = Debug|Win32
		{5479D375-64C7-4F80-B9DA-83C37C973F66}.Debug|Win32.Build.0 = Debug|Win32
		{5479D375-64C7-4F80-B9DA-83C37C973F66}.Debug|x64.ActiveCfg = Debug|x64
		{5479D375-64C7-4F80-B9DA-83C37C973F66}.Debug|x64.Build.0 = Debug|x64
		{5479D375-64C7-4F80-B9DA-83C37C973F66}.Release|Mixed Platforms.ActiveCfg = Release|x64
		{5479D375-64C7-4F80-B9DA-83C37C973F66}.Release|Mixed Platforms.Build.0 = Release|x64
		{5479D375-64C7-4F80-B9DA-83C37C973F66}.Release|Win32.ActiveCfg = Release|Win32
		{5479D375-64C7-4F80-B9DA-83C37C973F66}.Release|Win32.Build.0 = Release|Win32
		{5479D375-64C7-4F80-B9DA-83C37C973F66}.Release|x64.ActiveCfg = Release|x64
		{5479D375-64C7-4F80-B9DA-83C37C973F66}.Release|x64.Build.0 = Release|x64
		{BBCDDB86-192E-49FA-A4E1-C2DC21091322}.Debug|Mixed Platforms.ActiveCfg = Debug|x64
		{BBCDDB86-192E-49FA-A4E1-C2DC21091322}.Debug|Mixed Platforms.Build.0 = Debug|x64
		{BBCDDB86-192E-49FA-A4E1-C2DC21091322}.Debug|Win32.ActiveCfg = Debug|Win32
		{BBCDDB86-192E-49FA-A4E1-C2DC21091322}.Debug|Win32.Build.0 = Debug|Win32
		{BBCDDB86-192E-49FA-A4E1-C2DC21091322}.Debug|x64.ActiveCfg = Debug|x64
		{BBCDDB86-192E-49FA-A4E1-C2DC21091322}.Debug|x64.Build.0 = Debug|x64
		{BBCDDB86-192E-49FA-A4E1-C2DC21091322}.Release|Mixed Platforms.ActiveCfg = Release|x64
		{BBCDDB86-192E-49FA-A4E1-C2DC21091322}.Release|Mixed Platforms.Build.0 = Release|x64
		{BBCDDB86-192E-49FA-A4E1-C2DC21091322}.Release|Win32.ActiveCfg = Release|Win32
		{BBCDDB86-192E-49FA-A4E1-C2DC21091322}.Release|Win32.Build.0 = Release|Win32
		{BBCDDB86-192E-49FA-A4E1-C2DC21091322}.Release|x64.ActiveCfg = Release|x64
		{BBCDDB86-192E-49FA-A4E1-C2DC21091322}.Release|x64.Build.0 = Release|x64
		{DADFFAE1-9110-4433-9C03-05B7E4C4CDDD}.Debug|Mixed Platforms.ActiveCfg = Debug|x64
		{DADFFAE1-9110-4433-9C03-05B7E4C4CDDD}.Debug|Mixed Platforms.Build.0 = Debug|x64
		{DADFFAE1-9110-4433-9C03-05B7E4C4CDDD}.Debug|Win32.ActiveCfg = Debug|Win32
		{DADFFAE1-9110-4433-9C03-05B7E4C4CDDD}.Debug|Win32.Build.0 = Debug|Win32
		{DADFFAE1-9110-4433-9C03-05B7E4C4CDDD}.Debug|x64.ActiveCfg = Debug|x64
		{DADFFAE1-9110-4433-9C03-05B7E4C4CDDD}.Debug|x64.Build.0 = Debug|x64
		{DADFFAE1-9110-4433-9C03-05B7E4C4CDDD}.Release|Mixed Platforms.ActiveCfg = Release|x64
		{DADFFAE1-9110-4433-9C03-05B7E4C4CDDD}.Release|Mixed Platforms.Build.0 = Release|x64
		{DADFFAE1-9110-4433-9C03-05B7E4C4CDDD}.Release|Win32.ActiveCfg = Release|Win32
		{DADFFAE1-9110-4433-9C03-05B7E4C4CDDD}.Release|Win32.Build.0 = Release|Win32
		{DADFFAE1-9110-4433-9C03-05B7E4C4CDDD}.Release|x64.ActiveCfg = Release|x64
		{DADFFAE1-9110-4433-9C03-05B7E4C4CDDD}.Release|x64.Build.0 = Release|x64
		{A5419D72-F2CD-4C0E-9DD0-A0117440DDBB}.Debug|Mixed Platforms.ActiveCfg = Debug|Win32
		{A5419D72-F2CD-4C0E-9DD0-A0117440DDBB}.Debug|Mixed Platforms.Build.0 = Debug|Win32
		{A5419D72-F2CD-4C0E-9DD0-A0117440DDBB}.Debug|Win32.ActiveCfg = Debug|Win32
		{A5419D72-F2CD-4C0E-9DD0-A0117440DDBB}.Debug|Win32.Build.0 = Debug|Win32
		{A5419D72-F2CD-4C0E-9DD0-A0117440DDBB}.Debug|x64.ActiveCfg = Debug|x64
		{A5419D72-F2CD-4C0E-9DD0-A0117440DDBB}.Debug|x64.Build.0 = Debug|x64
		{A5419D72-F2CD-4C0E-9DD0-A0117440DDBB}.Release|Mixed Platforms.ActiveCfg = Release|Win32
		{A5419D72-F2CD-4C0E-9DD0-A0117440DDBB}.Release|Mixed Platforms.Build.0 = Release|Win32
		{A5419D72-F2CD-4C0E-9DD0-A0117440DDBB}.Release|Win32.ActiveCfg = Release|Win32
		{A5419D72-F2CD-4C0E-9DD0-A0117440DDBB}.Release|Win32.Build.0 = Release|Win32
		{A5419D72-F2CD-4C0E-9DD0-A0117440DDBB}.Release|x64.ActiveCfg = Release|x64
		{A5419D72-F2CD-4C0E-9DD0-A0117440DDBB}.Release|x64.Build.0 = Release|x64
	EndGlobalSection
	GlobalSection(SolutionProperties) = preSolution
		HideSolutionNode = FALSE
	EndGlobalSection
EndGlobal
